
Microsoft Visual Studio Solution File, Format Version 12.00
# Visual Studio Version 16
VisualStudioVersion = 16.0.31911.196
MinimumVisualStudioVersion = 10.0.40219.1
Project("{9A19103F-16F7-4668-BE54-9A1E7A4F7556}") = "NetTest.API", "NetTest.API\NetTest.API.csproj", "{BAA6B80D-9F78-4550-A578-4C96EC79C277}"
EndProject
Project("{9A19103F-16F7-4668-BE54-9A1E7A4F7556}") = "NetTest.Domain", "NetTest.Domain\NetTest.Domain.csproj", "{53D02A08-D515-47EC-AEFB-6510DE7C7E23}"
EndProject
Project("{9A19103F-16F7-4668-BE54-9A1E7A4F7556}") = "NetTest.Infrastructure", "NetTest.Infrastructure\NetTest.Infrastructure.csproj", "{A68107A3-EB01-47AD-9B8C-314BA1F18774}"
EndProject
Global
	GlobalSection(SolutionConfigurationPlatforms) = preSolution
		Debug|Any CPU = Debug|Any CPU
		Release|Any CPU = Release|Any CPU
	EndGlobalSection
	GlobalSection(ProjectConfigurationPlatforms) = postSolution
		{BAA6B80D-9F78-4550-A578-4C96EC79C277}.Debug|Any CPU.ActiveCfg = Debug|Any CPU
		{BAA6B80D-9F78-4550-A578-4C96EC79C277}.Debug|Any CPU.Build.0 = Debug|Any CPU
		{BAA6B80D-9F78-4550-A578-4C96EC79C277}.Release|Any CPU.ActiveCfg = Release|Any CPU
		{BAA6B80D-9F78-4550-A578-4C96EC79C277}.Release|Any CPU.Build.0 = Release|Any CPU
		{53D02A08-D515-47EC-AEFB-6510DE7C7E23}.Debug|Any CPU.ActiveCfg = Debug|Any CPU
		{53D02A08-D515-47EC-AEFB-6510DE7C7E23}.Debug|Any CPU.Build.0 = Debug|Any CPU
		{53D02A08-D515-47EC-AEFB-6510DE7C7E23}.Release|Any CPU.ActiveCfg = Release|Any CPU
		{53D02A08-D515-47EC-AEFB-6510DE7C7E23}.Release|Any CPU.Build.0 = Release|Any CPU
		{A68107A3-EB01-47AD-9B8C-314BA1F18774}.Debug|Any CPU.ActiveCfg = Debug|Any CPU
		{A68107A3-EB01-47AD-9B8C-314BA1F18774}.Debug|Any CPU.Build.0 = Debug|Any CPU
		{A68107A3-EB01-47AD-9B8C-314BA1F18774}.Release|Any CPU.ActiveCfg = Release|Any CPU
		{A68107A3-EB01-47AD-9B8C-314BA1F18774}.Release|Any CPU.Build.0 = Release|Any CPU
	EndGlobalSection
	GlobalSection(SolutionProperties) = preSolution
		HideSolutionNode = FALSE
	EndGlobalSection
	GlobalSection(ExtensibilityGlobals) = postSolution
		SolutionGuid = {0AE9E095-35F1-4F7A-BF76-B24FC780658A}
	EndGlobalSection
EndGlobal
